
Microsoft Visual Studio Solution File, Format Version 12.00
# Visual Studio Version 17
VisualStudioVersion = 17.11.35303.130
MinimumVisualStudioVersion = 10.0.40219.1
Project("{9A19103F-16F7-4668-BE54-9A1E7A4F7556}") = "WineManager.EntityModels.Sqlite", "WineManager.EntityModels.Sqlite\WineManager.EntityModels.Sqlite.csproj", "{C6C84EDB-81BB-4016-8368-8CD50CE9BE21}"
EndProject
Project("{2150E333-8FDC-42A3-9474-1A3956D46DE8}") = "WineManager.EntityModels.Sqlite", "WineManager.EntityModels.Sqlite", "{37D5F40A-FC65-4CBD-9628-A4922BF87598}"
EndProject
Global
	GlobalSection(SolutionConfigurationPlatforms) = preSolution
		Debug|Any CPU = Debug|Any CPU
		Release|Any CPU = Release|Any CPU
	EndGlobalSection
	GlobalSection(ProjectConfigurationPlatforms) = postSolution
		{C6C84EDB-81BB-4016-8368-8CD50CE9BE21}.Debug|Any CPU.ActiveCfg = Debug|Any CPU
		{C6C84EDB-81BB-4016-8368-8CD50CE9BE21}.Debug|Any CPU.Build.0 = Debug|Any CPU
		{C6C84EDB-81BB-4016-8368-8CD50CE9BE21}.Release|Any CPU.ActiveCfg = Release|Any CPU
		{C6C84EDB-81BB-4016-8368-8CD50CE9BE21}.Release|Any CPU.Build.0 = Release|Any CPU
	EndGlobalSection
	GlobalSection(SolutionProperties) = preSolution
		HideSolutionNode = FALSE
	EndGlobalSection
	GlobalSection(NestedProjects) = preSolution
		{C6C84EDB-81BB-4016-8368-8CD50CE9BE21} = {37D5F40A-FC65-4CBD-9628-A4922BF87598}
	EndGlobalSection
	GlobalSection(ExtensibilityGlobals) = postSolution
		SolutionGuid = {7EDA686D-7280-4EA3-BED9-08D2F7E16F27}
	EndGlobalSection
EndGlobal
